# This file is generated by running "yarn install" inside your project.
# Manual changes might be lost - proceed with caution!
# Present so yarn treats ui-tests/ as a standalone project, not a workspace
# of the repo root. CI runs `jlpm install --no-immutable`, which populates it.

__metadata:
  version: 8
  cacheKey: 10
